
Microsoft Visual Studio Solution File, Format Version 12.00
# Visual Studio Version 16
VisualStudioVersion = 16.0.30804.86
MinimumVisualStudioVersion = 10.0.40219.1
Project("{FAE04EC0-301F-11D3-BF4B-00C04F79EFBC}") = "HangfireWebAPIv2", "HangfireWebAPIv2\HangfireWebAPIv2.csproj", "{CE0986C7-639C-4933-8F45-DC97CE2458F2}"
EndProject
Global
	GlobalSection(SolutionConfigurationPlatforms) = preSolution
		Debug|Any CPU = Debug|Any CPU
		Release|Any CPU = Release|Any CPU
	EndGlobalSection
	GlobalSection(ProjectConfigurationPlatforms) = postSolution
		{CE0986C7-639C-4933-8F45-DC97CE2458F2}.Debug|Any CPU.ActiveCfg = Debug|Any CPU
		{CE0986C7-639C-4933-8F45-DC97CE2458F2}.Debug|Any CPU.Build.0 = Debug|Any CPU
		{CE0986C7-639C-4933-8F45-DC97CE2458F2}.Release|Any CPU.ActiveCfg = Release|Any CPU
		{CE0986C7-639C-4933-8F45-DC97CE2458F2}.Release|Any CPU.Build.0 = Release|Any CPU
	EndGlobalSection
	GlobalSection(SolutionProperties) = preSolution
		HideSolutionNode = FALSE
	EndGlobalSection
	GlobalSection(ExtensibilityGlobals) = postSolution
		SolutionGuid = {F8B76877-6F80-43ED-8BCA-B49AEB2FE8B3}
	EndGlobalSection
EndGlobal
